
Microsoft Visual Studio Solution File, Format Version 12.00
# Visual Studio 2012
Project("{8BC9CEB8-8B4A-11D0-8D11-00A0C91BC942}") = "task_1", "task\task.vcxproj", "{63C6454F-5270-4120-9EBF-96F5B7D20A4D}"
EndProject
Project("{8BC9CEB8-8B4A-11D0-8D11-00A0C91BC942}") = "task_2", "task_2\task_2.vcxproj", "{BDAB680A-66C3-4ADF-9405-A4655144ABE7}"
EndProject
Project("{8BC9CEB8-8B4A-11D0-8D11-00A0C91BC942}") = "视频源码", "视频源码\视频源码.vcxproj", "{4DD5763F-2E41-4905-92B1-2174D1E52A77}"
EndProject
Global
	GlobalSection(SolutionConfigurationPlatforms) = preSolution
		Debug|Win32 = Debug|Win32
		Release|Win32 = Release|Win32
	EndGlobalSection
	GlobalSection(ProjectConfigurationPlatforms) = postSolution
		{63C6454F-5270-4120-9EBF-96F5B7D20A4D}.Debug|Win32.ActiveCfg = Debug|Win32
		{63C6454F-5270-4120-9EBF-96F5B7D20A4D}.Debug|Win32.Build.0 = Debug|Win32
		{63C6454F-5270-4120-9EBF-96F5B7D20A4D}.Release|Win32.ActiveCfg = Release|Win32
		{63C6454F-5270-4120-9EBF-96F5B7D20A4D}.Release|Win32.Build.0 = Release|Win32
		{BDAB680A-66C3-4ADF-9405-A4655144ABE7}.Debug|Win32.ActiveCfg = Debug|Win32
		{BDAB680A-66C3-4ADF-9405-A4655144ABE7}.Debug|Win32.Build.0 = Debug|Win32
		{BDAB680A-66C3-4ADF-9405-A4655144ABE7}.Release|Win32.ActiveCfg = Release|Win32
		{BDAB680A-66C3-4ADF-9405-A4655144ABE7}.Release|Win32.Build.0 = Release|Win32
		{4DD5763F-2E41-4905-92B1-2174D1E52A77}.Debug|Win32.ActiveCfg = Debug|Win32
		{4DD5763F-2E41-4905-92B1-2174D1E52A77}.Debug|Win32.Build.0 = Debug|Win32
		{4DD5763F-2E41-4905-92B1-2174D1E52A77}.Release|Win32.ActiveCfg = Release|Win32
		{4DD5763F-2E41-4905-92B1-2174D1E52A77}.Release|Win32.Build.0 = Release|Win32
	EndGlobalSection
	GlobalSection(SolutionProperties) = preSolution
		HideSolutionNode = FALSE
	EndGlobalSection
EndGlobal
